
Microsoft Visual Studio Solution File, Format Version 12.00
# Visual Studio Version 17
VisualStudioVersion = 17.13.35919.96
MinimumVisualStudioVersion = 10.0.40219.1
Project("{8BC9CEB8-8B4A-11D0-8D11-00A0C91BC942}") = "Ex1", "Ex1\Ex1.vcxproj", "{EC3B9260-B296-43D5-B635-8606FD3BA2FE}"
EndProject
Project("{8BC9CEB8-8B4A-11D0-8D11-00A0C91BC942}") = "Ex2", "Ex2\Ex2.vcxproj", "{CB993C55-492B-49D5-82CC-BF79AAFC113A}"
EndProject
Project("{8BC9CEB8-8B4A-11D0-8D11-00A0C91BC942}") = "Ex3", "Ex3\Ex3.vcxproj", "{11BC3C65-34FF-4EE2-B8E3-4687AF68C20F}"
EndProject
Project("{8BC9CEB8-8B4A-11D0-8D11-00A0C91BC942}") = "Ex4", "Ex4\Ex4.vcxproj", "{AA479430-A150-4961-8F16-BBCE9D22B473}"
EndProject
Project("{8BC9CEB8-8B4A-11D0-8D11-00A0C91BC942}") = "Ex5", "Ex5\Ex5.vcxproj", "{520B4E1F-061B-418E-B397-E07C38A0BE57}"
EndProject
Project("{8BC9CEB8-8B4A-11D0-8D11-00A0C91BC942}") = "Ex6-1", "Ex6-1\Ex6-1.vcxproj", "{3221B0AF-F0F1-4F42-855B-67B9600A683B}"
EndProject
Project("{8BC9CEB8-8B4A-11D0-8D11-00A0C91BC942}") = "Ex6-2", "Ex6-2\Ex6-2.vcxproj", "{C708F02C-240B-49B4-879E-BE6DDB874472}"
EndProject
Project("{8BC9CEB8-8B4A-11D0-8D11-00A0C91BC942}") = "Ex7", "Ex7\Ex7.vcxproj", "{3BDFA0F4-6D2B-4627-BE89-F0F435C3B516}"
EndProject
Project("{8BC9CEB8-8B4A-11D0-8D11-00A0C91BC942}") = "Ex8", "Ex8\Ex8.vcxproj", "{547BA617-4087-4A5B-AE62-2BD6C0D8EC18}"
EndProject
Project("{8BC9CEB8-8B4A-11D0-8D11-00A0C91BC942}") = "Ex9", "Ex9\Ex9.vcxproj", "{11DDB0E9-CB71-48E4-AAD1-C10154D7E310}"
EndProject
Project("{8BC9CEB8-8B4A-11D0-8D11-00A0C91BC942}") = "Ex12", "Ex12\Ex12.vcxproj", "{8EDB399A-DFD6-4FD4-A824-D2DC19B9B327}"
EndProject
Project("{8BC9CEB8-8B4A-11D0-8D11-00A0C91BC942}") = "Ex13-01", "Ex13\Ex13.vcxproj", "{378ED19B-DF83-4A76-A414-7435596F65D5}"
EndProject
Project("{8BC9CEB8-8B4A-11D0-8D11-00A0C91BC942}") = "Ex13-02", "Ex13-02\Ex13-02.vcxproj", "{3D31064D-A878-47B3-8266-DAAFB6FEF8C7}"
EndProject
Project("{8BC9CEB8-8B4A-11D0-8D11-00A0C91BC942}") = "Ex13 ci", "Ex13 ci\Ex13 ci.vcxproj", "{D2FBABB3-715F-4276-B454-FCC5F24C1202}"
EndProject
Project("{8BC9CEB8-8B4A-11D0-8D11-00A0C91BC942}") = "Ex14", "Ex14\Ex14.vcxproj", "{FBD7735E-7E74-4018-BFD6-32DCCB96D6CA}"
EndProject
Project("{8BC9CEB8-8B4A-11D0-8D11-00A0C91BC942}") = "Ex15", "Ex15\Ex15.vcxproj", "{59420305-7B4A-4796-BA30-6CC4EB418690}"
EndProject
Project("{8BC9CEB8-8B4A-11D0-8D11-00A0C91BC942}") = "Ex16", "Ex16\Ex16.vcxproj", "{26BB082A-B9BF-4D34-96C6-EAC6B2F4134B}"
EndProject
Project("{8BC9CEB8-8B4A-11D0-8D11-00A0C91BC942}") = "Ex17", "Ex17\Ex17.vcxproj", "{4F5487F2-F21C-4E1A-8A1C-208680FF3518}"
EndProject
Project("{8BC9CEB8-8B4A-11D0-8D11-00A0C91BC942}") = "Ex18", "Ex18\Ex18.vcxproj", "{D0BC9D36-CA2D-41B0-B136-508297EB228E}"
EndProject
Project("{8BC9CEB8-8B4A-11D0-8D11-00A0C91BC942}") = "Ex11", "Ex11\Ex11.vcxproj", "{9D7FA1ED-8DDF-4667-BFB9-5C434A3FE90F}"
EndProject
Global
	GlobalSection(SolutionConfigurationPlatforms) = preSolution
		Debug|x64 = Debug|x64
		Debug|x86 = Debug|x86
		Release|x64 = Release|x64
		Release|x86 = Release|x86
	EndGlobalSection
	GlobalSection(ProjectConfigurationPlatforms) = postSolution
		{EC3B9260-B296-43D5-B635-8606FD3BA2FE}.Debug|x64.ActiveCfg = Debug|x64
		{EC3B9260-B296-43D5-B635-8606FD3BA2FE}.Debug|x64.Build.0 = Debug|x64
		{EC3B9260-B296-43D5-B635-8606FD3BA2FE}.Debug|x86.ActiveCfg = Debug|Win32
		{EC3B9260-B296-43D5-B635-8606FD3BA2FE}.Debug|x86.Build.0 = Debug|Win32
		{EC3B9260-B296-43D5-B635-8606FD3BA2FE}.Release|x64.ActiveCfg = Release|x64
		{EC3B9260-B296-43D5-B635-8606FD3BA2FE}.Release|x64.Build.0 = Release|x64
		{EC3B9260-B296-43D5-B635-8606FD3BA2FE}.Release|x86.ActiveCfg = Release|Win32
		{EC3B9260-B296-43D5-B635-8606FD3BA2FE}.Release|x86.Build.0 = Release|Win32
		{CB993C55-492B-49D5-82CC-BF79AAFC113A}.Debug|x64.ActiveCfg = Debug|x64
		{CB993C55-492B-49D5-82CC-BF79AAFC113A}.Debug|x64.Build.0 = Debug|x64
		{CB993C55-492B-49D5-82CC-BF79AAFC113A}.Debug|x86.ActiveCfg = Debug|Win32
		{CB993C55-492B-49D5-82CC-BF79AAFC113A}.Debug|x86.Build.0 = Debug|Win32
		{CB993C55-492B-49D5-82CC-BF79AAFC113A}.Release|x64.ActiveCfg = Release|x64
		{CB993C55-492B-49D5-82CC-BF79AAFC113A}.Release|x64.Build.0 = Release|x64
		{CB993C55-492B-49D5-82CC-BF79AAFC113A}.Release|x86.ActiveCfg = Release|Win32
		{CB993C55-492B-49D5-82CC-BF79AAFC113A}.Release|x86.Build.0 = Release|Win32
		{11BC3C65-34FF-4EE2-B8E3-4687AF68C20F}.Debug|x64.ActiveCfg = Debug|x64
		{11BC3C65-34FF-4EE2-B8E3-4687AF68C20F}.Debug|x64.Build.0 = Debug|x64
		{11BC3C65-34FF-4EE2-B8E3-4687AF68C20F}.Debug|x86.ActiveCfg = Debug|Win32
		{11BC3C65-34FF-4EE2-B8E3-4687AF68C20F}.Debug|x86.Build.0 = Debug|Win32
		{11BC3C65-34FF-4EE2-B8E3-4687AF68C20F}.Release|x64.ActiveCfg = Release|x64
		{11BC3C65-34FF-4EE2-B8E3-4687AF68C20F}.Release|x64.Build.0 = Release|x64
		{11BC3C65-34FF-4EE2-B8E3-4687AF68C20F}.Release|x86.ActiveCfg = Release|Win32
		{11BC3C65-34FF-4EE2-B8E3-4687AF68C20F}.Release|x86.Build.0 = Release|Win32
		{AA479430-A150-4961-8F16-BBCE9D22B473}.Debug|x64.ActiveCfg = Debug|x64
		{AA479430-A150-4961-8F16-BBCE9D22B473}.Debug|x64.Build.0 = Debug|x64
		{AA479430-A150-4961-8F16-BBCE9D22B473}.Debug|x86.ActiveCfg = Debug|Win32
		{AA479430-A150-4961-8F16-BBCE9D22B473}.Debug|x86.Build.0 = Debug|Win32
		{AA479430-A150-4961-8F16-BBCE9D22B473}.Release|x64.ActiveCfg = Release|x64
		{AA479430-A150-4961-8F16-BBCE9D22B473}.Release|x64.Build.0 = Release|x64
		{AA479430-A150-4961-8F16-BBCE9D22B473}.Release|x86.ActiveCfg = Release|Win32
		{AA479430-A150-4961-8F16-BBCE9D22B473}.Release|x86.Build.0 = Release|Win32
		{520B4E1F-061B-418E-B397-E07C38A0BE57}.Debug|x64.ActiveCfg = Debug|x64
		{520B4E1F-061B-418E-B397-E07C38A0BE57}.Debug|x64.Build.0 = Debug|x64
		{520B4E1F-061B-418E-B397-E07C38A0BE57}.Debug|x86.ActiveCfg = Debug|Win32
		{520B4E1F-061B-418E-B397-E07C38A0BE57}.Debug|x86.Build.0 = Debug|Win32
		{520B4E1F-061B-418E-B397-E07C38A0BE57}.Release|x64.ActiveCfg = Release|x64
		{520B4E1F-061B-418E-B397-E07C38A0BE57}.Release|x64.Build.0 = Release|x64
		{520B4E1F-061B-418E-B397-E07C38A0BE57}.Release|x86.ActiveCfg = Release|Win32
		{520B4E1F-061B-418E-B397-E07C38A0BE57}.Release|x86.Build.0 = Release|Win32
		{3221B0AF-F0F1-4F42-855B-67B9600A683B}.Debug|x64.ActiveCfg = Debug|x64
		{3221B0AF-F0F1-4F42-855B-67B9600A683B}.Debug|x64.Build.0 = Debug|x64
		{3221B0AF-F0F1-4F42-855B-67B9600A683B}.Debug|x86.ActiveCfg = Debug|Win32
		{3221B0AF-F0F1-4F42-855B-67B9600A683B}.Debug|x86.Build.0 = Debug|Win32
		{3221B0AF-F0F1-4F42-855B-67B9600A683B}.Release|x64.ActiveCfg = Release|x64
		{3221B0AF-F0F1-4F42-855B-67B9600A683B}.Release|x64.Build.0 = Release|x64
		{3221B0AF-F0F1-4F42-855B-67B9600A683B}.Release|x86.ActiveCfg = Release|Win32
		{3221B0AF-F0F1-4F42-855B-67B9600A683B}.Release|x86.Build.0 = Release|Win32
		{C708F02C-240B-49B4-879E-BE6DDB874472}.Debug|x64.ActiveCfg = Debug|x64
		{C708F02C-240B-49B4-879E-BE6DDB874472}.Debug|x64.Build.0 = Debug|x64
		{C708F02C-240B-49B4-879E-BE6DDB874472}.Debug|x86.ActiveCfg = Debug|Win32
		{C708F02C-240B-49B4-879E-BE6DDB874472}.Debug|x86.Build.0 = Debug|Win32
		{C708F02C-240B-49B4-879E-BE6DDB874472}.Release|x64.ActiveCfg = Release|x64
		{C708F02C-240B-49B4-879E-BE6DDB874472}.Release|x64.Build.0 = Release|x64
		{C708F02C-240B-49B4-879E-BE6DDB874472}.Release|x86.ActiveCfg = Release|Win32
		{C708F02C-240B-49B4-879E-BE6DDB874472}.Release|x86.Build.0 = Release|Win32
		{3BDFA0F4-6D2B-4627-BE89-F0F435C3B516}.Debug|x64.ActiveCfg = Debug|x64
		{3BDFA0F4-6D2B-4627-BE89-F0F435C3B516}.Debug|x64.Build.0 = Debug|x64
		{3BDFA0F4-6D2B-4627-BE89-F0F435C3B516}.Debug|x86.ActiveCfg = Debug|Win32
		{3BDFA0F4-6D2B-4627-BE89-F0F435C3B516}.Debug|x86.Build.0 = Debug|Win32
		{3BDFA0F4-6D2B-4627-BE89-F0F435C3B516}.Release|x64.ActiveCfg = Release|x64
		{3BDFA0F4-6D2B-4627-BE89-F0F435C3B516}.Release|x64.Build.0 = Release|x64
		{3BDFA0F4-6D2B-4627-BE89-F0F435C3B516}.Release|x86.ActiveCfg = Release|Win32
		{3BDFA0F4-6D2B-4627-BE89-F0F435C3B516}.Release|x86.Build.0 = Release|Win32
		{547BA617-4087-4A5B-AE62-2BD6C0D8EC18}.Debug|x64.ActiveCfg = Debug|x64
		{547BA617-4087-4A5B-AE62-2BD6C0D8EC18}.Debug|x64.Build.0 = Debug|x64
		{547BA617-4087-4A5B-AE62-2BD6C0D8EC18}.Debug|x86.ActiveCfg = Debug|Win32
		{547BA617-4087-4A5B-AE62-2BD6C0D8EC18}.Debug|x86.Build.0 = Debug|Win32
		{547BA617-4087-4A5B-AE62-2BD6C0D8EC18}.Release|x64.ActiveCfg = Release|x64
		{547BA617-4087-4A5B-AE62-2BD6C0D8EC18}.Release|x64.Build.0 = Release|x64
		{547BA617-4087-4A5B-AE62-2BD6C0D8EC18}.Release|x86.ActiveCfg = Release|Win32
		{547BA617-4087-4A5B-AE62-2BD6C0D8EC18}.Release|x86.Build.0 = Release|Win32
		{11DDB0E9-CB71-48E4-AAD1-C10154D7E310}.Debug|x64.ActiveCfg = Debug|x64
		{11DDB0E9-CB71-48E4-AAD1-C10154D7E310}.Debug|x64.Build.0 = Debug|x64
		{11DDB0E9-CB71-48E4-AAD1-C10154D7E310}.Debug|x86.ActiveCfg = Debug|Win32
		{11DDB0E9-CB71-48E4-AAD1-C10154D7E310}.Debug|x86.Build.0 = Debug|Win32
		{11DDB0E9-CB71-48E4-AAD1-C10154D7E310}.Release|x64.ActiveCfg = Release|x64
		{11DDB0E9-CB71-48E4-AAD1-C10154D7E310}.Release|x64.Build.0 = Release|x64
		{11DDB0E9-CB71-48E4-AAD1-C10154D7E310}.Release|x86.ActiveCfg = Release|Win32
		{11DDB0E9-CB71-48E4-AAD1-C10154D7E310}.Release|x86.Build.0 = Release|Win32
		{8EDB399A-DFD6-4FD4-A824-D2DC19B9B327}.Debug|x64.ActiveCfg = Debug|x64
		{8EDB399A-DFD6-4FD4-A824-D2DC19B9B327}.Debug|x64.Build.0 = Debug|x64
		{8EDB399A-DFD6-4FD4-A824-D2DC19B9B327}.Debug|x86.ActiveCfg = Debug|Win32
		{8EDB399A-DFD6-4FD4-A824-D2DC19B9B327}.Debug|x86.Build.0 = Debug|Win32
		{8EDB399A-DFD6-4FD4-A824-D2DC19B9B327}.Release|x64.ActiveCfg = Release|x64
		{8EDB399A-DFD6-4FD4-A824-D2DC19B9B327}.Release|x64.Build.0 = Release|x64
		{8EDB399A-DFD6-4FD4-A824-D2DC19B9B327}.Release|x86.ActiveCfg = Release|Win32
		{8EDB399A-DFD6-4FD4-A824-D2DC19B9B327}.Release|x86.Build.0 = Release|Win32
		{378ED19B-DF83-4A76-A414-7435596F65D5}.Debug|x64.ActiveCfg = Debug|x64
		{378ED19B-DF83-4A76-A414-7435596F65D5}.Debug|x64.Build.0 = Debug|x64
		{378ED19B-DF83-4A76-A414-7435596F65D5}.Debug|x86.ActiveCfg = Debug|Win32
		{378ED19B-DF83-4A76-A414-7435596F65D5}.Debug|x86.Build.0 = Debug|Win32
		{378ED19B-DF83-4A76-A414-7435596F65D5}.Release|x64.ActiveCfg = Release|x64
		{378ED19B-DF83-4A76-A414-7435596F65D5}.Release|x64.Build.0 = Release|x64
		{378ED19B-DF83-4A76-A414-7435596F65D5}.Release|x86.ActiveCfg = Release|Win32
		{378ED19B-DF83-4A76-A414-7435596F65D5}.Release|x86.Build.0 = Release|Win32
		{3D31064D-A878-47B3-8266-DAAFB6FEF8C7}.Debug|x64.ActiveCfg = Debug|x64
		{3D31064D-A878-47B3-8266-DAAFB6FEF8C7}.Debug|x64.Build.0 = Debug|x64
		{3D31064D-A878-47B3-8266-DAAFB6FEF8C7}.Debug|x86.ActiveCfg = Debug|Win32
		{3D31064D-A878-47B3-8266-DAAFB6FEF8C7}.Debug|x86.Build.0 = Debug|Win32
		{3D31064D-A878-47B3-8266-DAAFB6FEF8C7}.Release|x64.ActiveCfg = Release|x64
		{3D31064D-A878-47B3-8266-DAAFB6FEF8C7}.Release|x64.Build.0 = Release|x64
		{3D31064D-A878-47B3-8266-DAAFB6FEF8C7}.Release|x86.ActiveCfg = Release|Win32
		{3D31064D-A878-47B3-8266-DAAFB6FEF8C7}.Release|x86.Build.0 = Release|Win32
		{D2FBABB3-715F-4276-B454-FCC5F24C1202}.Debug|x64.ActiveCfg = Debug|x64
		{D2FBABB3-715F-4276-B454-FCC5F24C1202}.Debug|x64.Build.0 = Debug|x64
		{D2FBABB3-715F-4276-B454-FCC5F24C1202}.Debug|x86.ActiveCfg = Debug|Win32
		{D2FBABB3-715F-4276-B454-FCC5F24C1202}.Debug|x86.Build.0 = Debug|Win32
		{D2FBABB3-715F-4276-B454-FCC5F24C1202}.Release|x64.ActiveCfg = Release|x64
		{D2FBABB3-715F-4276-B454-FCC5F24C1202}.Release|x64.Build.0 = Release|x64
		{D2FBABB3-715F-4276-B454-FCC5F24C1202}.Release|x86.ActiveCfg = Release|Win32
		{D2FBABB3-715F-4276-B454-FCC5F24C1202}.Release|x86.Build.0 = Release|Win32
		{FBD7735E-7E74-4018-BFD6-32DCCB96D6CA}.Debug|x64.ActiveCfg = Debug|x64
		{FBD7735E-7E74-4018-BFD6-32DCCB96D6CA}.Debug|x64.Build.0 = Debug|x64
		{FBD7735E-7E74-4018-BFD6-32DCCB96D6CA}.Debug|x86.ActiveCfg = Debug|Win32
		{FBD7735E-7E74-4018-BFD6-32DCCB96D6CA}.Debug|x86.Build.0 = Debug|Win32
		{FBD7735E-7E74-4018-BFD6-32DCCB96D6CA}.Release|x64.ActiveCfg = Release|x64
		{FBD7735E-7E74-4018-BFD6-32DCCB96D6CA}.Release|x64.Build.0 = Release|x64
		{FBD7735E-7E74-4018-BFD6-32DCCB96D6CA}.Release|x86.ActiveCfg = Release|Win32
		{FBD7735E-7E74-4018-BFD6-32DCCB96D6CA}.Release|x86.Build.0 = Release|Win32
		{59420305-7B4A-4796-BA30-6CC4EB418690}.Debug|x64.ActiveCfg = Debug|x64
		{59420305-7B4A-4796-BA30-6CC4EB418690}.Debug|x64.Build.0 = Debug|x64
		{59420305-7B4A-4796-BA30-6CC4EB418690}.Debug|x86.ActiveCfg = Debug|Win32
		{59420305-7B4A-4796-BA30-6CC4EB418690}.Debug|x86.Build.0 = Debug|Win32
		{59420305-7B4A-4796-BA30-6CC4EB418690}.Release|x64.ActiveCfg = Release|x64
		{59420305-7B4A-4796-BA30-6CC4EB418690}.Release|x64.Build.0 = Release|x64
		{59420305-7B4A-4796-BA30-6CC4EB418690}.Release|x86.ActiveCfg = Release|Win32
		{59420305-7B4A-4796-BA30-6CC4EB418690}.Release|x86.Build.0 = Release|Win32
		{26BB082A-B9BF-4D34-96C6-EAC6B2F4134B}.Debug|x64.ActiveCfg = Debug|x64
		{26BB082A-B9BF-4D34-96C6-EAC6B2F4134B}.Debug|x64.Build.0 = Debug|x64
		{26BB082A-B9BF-4D34-96C6-EAC6B2F4134B}.Debug|x86.ActiveCfg = Debug|Win32
		{26BB082A-B9BF-4D34-96C6-EAC6B2F4134B}.Debug|x86.Build.0 = Debug|Win32
		{26BB082A-B9BF-4D34-96C6-EAC6B2F4134B}.Release|x64.ActiveCfg = Release|x64
		{26BB082A-B9BF-4D34-96C6-EAC6B2F4134B}.Release|x64.Build.0 = Release|x64
		{26BB082A-B9BF-4D34-96C6-EAC6B2F4134B}.Release|x86.ActiveCfg = Release|Win32
		{26BB082A-B9BF-4D34-96C6-EAC6B2F4134B}.Release|x86.Build.0 = Release|Win32
		{4F5487F2-F21C-4E1A-8A1C-208680FF3518}.Debug|x64.ActiveCfg = Debug|x64
		{4F5487F2-F21C-4E1A-8A1C-208680FF3518}.Debug|x64.Build.0 = Debug|x64
		{4F5487F2-F21C-4E1A-8A1C-208680FF3518}.Debug|x86.ActiveCfg = Debug|Win32
		{4F5487F2-F21C-4E1A-8A1C-208680FF3518}.Debug|x86.Build.0 = Debug|Win32
		{4F5487F2-F21C-4E1A-8A1C-208680FF3518}.Release|x64.ActiveCfg = Release|x64
		{4F5487F2-F21C-4E1A-8A1C-208680FF3518}.Release|x64.Build.0 = Release|x64
		{4F5487F2-F21C-4E1A-8A1C-208680FF3518}.Release|x86.ActiveCfg = Release|Win32
		{4F5487F2-F21C-4E1A-8A1C-208680FF3518}.Release|x86.Build.0 = Release|Win32
		{D0BC9D36-CA2D-41B0-B136-508297EB228E}.Debug|x64.ActiveCfg = Debug|x64
		{D0BC9D36-CA2D-41B0-B136-508297EB228E}.Debug|x64.Build.0 = Debug|x64
		{D0BC9D36-CA2D-41B0-B136-508297EB228E}.Debug|x86.ActiveCfg = Debug|Win32
		{D0BC9D36-CA2D-41B0-B136-508297EB228E}.Debug|x86.Build.0 = Debug|Win32
		{D0BC9D36-CA2D-41B0-B136-508297EB228E}.Release|x64.ActiveCfg = Release|x64
		{D0BC9D36-CA2D-41B0-B136-508297EB228E}.Release|x64.Build.0 = Release|x64
		{D0BC9D36-CA2D-41B0-B136-508297EB228E}.Release|x86.ActiveCfg = Release|Win32
		{D0BC9D36-CA2D-41B0-B136-508297EB228E}.Release|x86.Build.0 = Release|Win32
		{9D7FA1ED-8DDF-4667-BFB9-5C434A3FE90F}.Debug|x64.ActiveCfg = Debug|x64
		{9D7FA1ED-8DDF-4667-BFB9-5C434A3FE90F}.Debug|x64.Build.0 = Debug|x64
		{9D7FA1ED-8DDF-4667-BFB9-5C434A3FE90F}.Debug|x86.ActiveCfg = Debug|Win32
		{9D7FA1ED-8DDF-4667-BFB9-5C434A3FE90F}.Debug|x86.Build.0 = Debug|Win32
		{9D7FA1ED-8DDF-4667-BFB9-5C434A3FE90F}.Release|x64.ActiveCfg = Release|x64
		{9D7FA1ED-8DDF-4667-BFB9-5C434A3FE90F}.Release|x64.Build.0 = Release|x64
		{9D7FA1ED-8DDF-4667-BFB9-5C434A3FE90F}.Release|x86.ActiveCfg = Release|Win32
		{9D7FA1ED-8DDF-4667-BFB9-5C434A3FE90F}.Release|x86.Build.0 = Release|Win32
	EndGlobalSection
	GlobalSection(SolutionProperties) = preSolution
		HideSolutionNode = FALSE
	EndGlobalSection
	GlobalSection(ExtensibilityGlobals) = postSolution
		SolutionGuid = {E5EB738B-F3F2-4351-8AFC-1101BB07BCD8}
	EndGlobalSection
EndGlobal
